
Microsoft Visual Studio Solution File, Format Version 12.00
# Visual Studio 2017
Project("{FAE04EC0-301F-11D3-BF4B-00C04F79EFBC}") = "Bombrainman", "Bombrainman.csproj", "{B769B681-B7A1-DBB5-60D0-8329C95EE993}"
EndProject
Project("{FAE04EC0-301F-11D3-BF4B-00C04F79EFBC}") = "Bombrainman.Editor", "Bombrainman.Editor.csproj", "{2760C768-7F96-54A7-8028-C2387C0F265B}"
EndProject
Global
	GlobalSection(SolutionConfigurationPlatforms) = preSolution
		Debug|Any CPU = Debug|Any CPU
		Release|Any CPU = Release|Any CPU
	EndGlobalSection
	GlobalSection(ProjectConfigurationPlatforms) = postSolution
		{B769B681-B7A1-DBB5-60D0-8329C95EE993}.Debug|Any CPU.ActiveCfg = Debug|Any CPU
		{B769B681-B7A1-DBB5-60D0-8329C95EE993}.Debug|Any CPU.Build.0 = Debug|Any CPU
		{B769B681-B7A1-DBB5-60D0-8329C95EE993}.Release|Any CPU.ActiveCfg = Release|Any CPU
		{B769B681-B7A1-DBB5-60D0-8329C95EE993}.Release|Any CPU.Build.0 = Release|Any CPU
		{2760C768-7F96-54A7-8028-C2387C0F265B}.Debug|Any CPU.ActiveCfg = Debug|Any CPU
		{2760C768-7F96-54A7-8028-C2387C0F265B}.Debug|Any CPU.Build.0 = Debug|Any CPU
		{2760C768-7F96-54A7-8028-C2387C0F265B}.Release|Any CPU.ActiveCfg = Release|Any CPU
		{2760C768-7F96-54A7-8028-C2387C0F265B}.Release|Any CPU.Build.0 = Release|Any CPU
	EndGlobalSection
	GlobalSection(SolutionProperties) = preSolution
		HideSolutionNode = FALSE
	EndGlobalSection
EndGlobal
